
Microsoft Visual Studio Solution File, Format Version 12.00
# Visual Studio Version 16
VisualStudioVersion = 16.0.29424.173
MinimumVisualStudioVersion = 10.0.40219.1
Project("{9A19103F-16F7-4668-BE54-9A1E7A4F7556}") = "AdventOfCode.Runner", "AdventOfCode.Runner\AdventOfCode.Runner.csproj", "{151A64F0-760E-4246-A910-17B6F81B8774}"
EndProject
Project("{9A19103F-16F7-4668-BE54-9A1E7A4F7556}") = "AdventOfCode", "AdventOfCode\AdventOfCode.csproj", "{1B98A705-6AA3-4FB8-9DBA-1D50D824C543}"
EndProject
Global
	GlobalSection(SolutionConfigurationPlatforms) = preSolution
		Debug|Any CPU = Debug|Any CPU
		Release|Any CPU = Release|Any CPU
	EndGlobalSection
	GlobalSection(ProjectConfigurationPlatforms) = postSolution
		{151A64F0-760E-4246-A910-17B6F81B8774}.Debug|Any CPU.ActiveCfg = Debug|Any CPU
		{151A64F0-760E-4246-A910-17B6F81B8774}.Debug|Any CPU.Build.0 = Debug|Any CPU
		{151A64F0-760E-4246-A910-17B6F81B8774}.Release|Any CPU.ActiveCfg = Release|Any CPU
		{151A64F0-760E-4246-A910-17B6F81B8774}.Release|Any CPU.Build.0 = Release|Any CPU
		{1B98A705-6AA3-4FB8-9DBA-1D50D824C543}.Debug|Any CPU.ActiveCfg = Debug|Any CPU
		{1B98A705-6AA3-4FB8-9DBA-1D50D824C543}.Debug|Any CPU.Build.0 = Debug|Any CPU
		{1B98A705-6AA3-4FB8-9DBA-1D50D824C543}.Release|Any CPU.ActiveCfg = Release|Any CPU
		{1B98A705-6AA3-4FB8-9DBA-1D50D824C543}.Release|Any CPU.Build.0 = Release|Any CPU
	EndGlobalSection
	GlobalSection(SolutionProperties) = preSolution
		HideSolutionNode = FALSE
	EndGlobalSection
	GlobalSection(ExtensibilityGlobals) = postSolution
		SolutionGuid = {6B74C8B0-C0EC-4263-8EC9-60DC03EB9D6B}
	EndGlobalSection
EndGlobal
