
Microsoft Visual Studio Solution File, Format Version 12.00
# Visual Studio Version 16
VisualStudioVersion = 16.0.29424.173
MinimumVisualStudioVersion = 10.0.40219.1
Project("{FAE04EC0-301F-11D3-BF4B-00C04F79EFBC}") = "AdventOfCode", "AdventOfCode\AdventOfCode.csproj", "{9523A5E8-3F07-4BC3-940C-D278EA5177A1}"
EndProject
Project("{FAE04EC0-301F-11D3-BF4B-00C04F79EFBC}") = "AdventOfCode.Runner", "AdventOfCode.Runner\AdventOfCode.Runner.csproj", "{A4BDD79F-500D-4833-84D3-93BE7630E912}"
EndProject
Global
	GlobalSection(SolutionConfigurationPlatforms) = preSolution
		Debug|Any CPU = Debug|Any CPU
		Release|Any CPU = Release|Any CPU
	EndGlobalSection
	GlobalSection(ProjectConfigurationPlatforms) = postSolution
		{9523A5E8-3F07-4BC3-940C-D278EA5177A1}.Debug|Any CPU.ActiveCfg = Debug|Any CPU
		{9523A5E8-3F07-4BC3-940C-D278EA5177A1}.Debug|Any CPU.Build.0 = Debug|Any CPU
		{9523A5E8-3F07-4BC3-940C-D278EA5177A1}.Release|Any CPU.ActiveCfg = Release|Any CPU
		{9523A5E8-3F07-4BC3-940C-D278EA5177A1}.Release|Any CPU.Build.0 = Release|Any CPU
		{A4BDD79F-500D-4833-84D3-93BE7630E912}.Debug|Any CPU.ActiveCfg = Debug|Any CPU
		{A4BDD79F-500D-4833-84D3-93BE7630E912}.Debug|Any CPU.Build.0 = Debug|Any CPU
		{A4BDD79F-500D-4833-84D3-93BE7630E912}.Release|Any CPU.ActiveCfg = Release|Any CPU
		{A4BDD79F-500D-4833-84D3-93BE7630E912}.Release|Any CPU.Build.0 = Release|Any CPU
	EndGlobalSection
	GlobalSection(SolutionProperties) = preSolution
		HideSolutionNode = FALSE
	EndGlobalSection
	GlobalSection(ExtensibilityGlobals) = postSolution
		SolutionGuid = {6B74C8B0-C0EC-4263-8EC9-60DC03EB9D6B}
	EndGlobalSection
EndGlobal
